
Microsoft Visual Studio Solution File, Format Version 12.00
# Visual Studio 15
VisualStudioVersion = 15.0.28010.2036
MinimumVisualStudioVersion = 10.0.40219.1
Project("{FAE04EC0-301F-11D3-BF4B-00C04F79EFBC}") = "ChooseYourOwnAdventure_ShahShahid", "ChooseYourOwnAdventure_ShahShahid\ChooseYourOwnAdventure_ShahShahid.csproj", "{2C561E04-B727-4B67-AAC4-4D7C979A1323}"
EndProject
Global
	GlobalSection(SolutionConfigurationPlatforms) = preSolution
		Debug|Any CPU = Debug|Any CPU
		Release|Any CPU = Release|Any CPU
	EndGlobalSection
	GlobalSection(ProjectConfigurationPlatforms) = postSolution
		{2C561E04-B727-4B67-AAC4-4D7C979A1323}.Debug|Any CPU.ActiveCfg = Debug|Any CPU
		{2C561E04-B727-4B67-AAC4-4D7C979A1323}.Debug|Any CPU.Build.0 = Debug|Any CPU
		{2C561E04-B727-4B67-AAC4-4D7C979A1323}.Release|Any CPU.ActiveCfg = Release|Any CPU
		{2C561E04-B727-4B67-AAC4-4D7C979A1323}.Release|Any CPU.Build.0 = Release|Any CPU
	EndGlobalSection
	GlobalSection(SolutionProperties) = preSolution
		HideSolutionNode = FALSE
	EndGlobalSection
	GlobalSection(ExtensibilityGlobals) = postSolution
		SolutionGuid = {F09B6118-4371-4AB7-BDE4-D45A37FD94D6}
	EndGlobalSection
EndGlobal
